
Microsoft Visual Studio Solution File, Format Version 12.00
# Visual Studio Version 16
VisualStudioVersion = 16.0.35731.53
MinimumVisualStudioVersion = 10.0.40219.1
Project("{FAE04EC0-301F-11D3-BF4B-00C04F79EFBC}") = "switchcase", "switchcase.csproj", "{DA1F7C7A-ACE4-4556-B4B8-06B4CFD48CE1}"
EndProject
Global
	GlobalSection(SolutionConfigurationPlatforms) = preSolution
		Debug|Any CPU = Debug|Any CPU
		Debug|x64 = Debug|x64
		Release|Any CPU = Release|Any CPU
		Release|x64 = Release|x64
	EndGlobalSection
	GlobalSection(ProjectConfigurationPlatforms) = postSolution
		{DA1F7C7A-ACE4-4556-B4B8-06B4CFD48CE1}.Debug|Any CPU.ActiveCfg = Debug|Any CPU
		{DA1F7C7A-ACE4-4556-B4B8-06B4CFD48CE1}.Debug|Any CPU.Build.0 = Debug|Any CPU
		{DA1F7C7A-ACE4-4556-B4B8-06B4CFD48CE1}.Debug|x64.ActiveCfg = Debug|x64
		{DA1F7C7A-ACE4-4556-B4B8-06B4CFD48CE1}.Debug|x64.Build.0 = Debug|x64
		{DA1F7C7A-ACE4-4556-B4B8-06B4CFD48CE1}.Release|Any CPU.ActiveCfg = Release|Any CPU
		{DA1F7C7A-ACE4-4556-B4B8-06B4CFD48CE1}.Release|Any CPU.Build.0 = Release|Any CPU
		{DA1F7C7A-ACE4-4556-B4B8-06B4CFD48CE1}.Release|x64.ActiveCfg = Release|x64
		{DA1F7C7A-ACE4-4556-B4B8-06B4CFD48CE1}.Release|x64.Build.0 = Release|x64
	EndGlobalSection
	GlobalSection(SolutionProperties) = preSolution
		HideSolutionNode = FALSE
	EndGlobalSection
	GlobalSection(ExtensibilityGlobals) = postSolution
		SolutionGuid = {6E863176-D3FF-4DD4-88EA-AFDFE7DFCF10}
	EndGlobalSection
EndGlobal
