
Microsoft Visual Studio Solution File, Format Version 12.00
# Visual Studio Version 16
VisualStudioVersion = 16.0.35731.53
MinimumVisualStudioVersion = 10.0.40219.1
Project("{FAE04EC0-301F-11D3-BF4B-00C04F79EFBC}") = "calculodeidade", "calculodeidade.csproj", "{869CE409-1E99-4F7C-BEC0-27AEC163136B}"
EndProject
Global
	GlobalSection(SolutionConfigurationPlatforms) = preSolution
		Debug|Any CPU = Debug|Any CPU
		Release|Any CPU = Release|Any CPU
	EndGlobalSection
	GlobalSection(ProjectConfigurationPlatforms) = postSolution
		{869CE409-1E99-4F7C-BEC0-27AEC163136B}.Debug|Any CPU.ActiveCfg = Debug|Any CPU
		{869CE409-1E99-4F7C-BEC0-27AEC163136B}.Debug|Any CPU.Build.0 = Debug|Any CPU
		{869CE409-1E99-4F7C-BEC0-27AEC163136B}.Release|Any CPU.ActiveCfg = Release|Any CPU
		{869CE409-1E99-4F7C-BEC0-27AEC163136B}.Release|Any CPU.Build.0 = Release|Any CPU
	EndGlobalSection
	GlobalSection(SolutionProperties) = preSolution
		HideSolutionNode = FALSE
	EndGlobalSection
	GlobalSection(ExtensibilityGlobals) = postSolution
		SolutionGuid = {6393FB54-62DA-4434-B6C0-20420EBBEFE3}
	EndGlobalSection
EndGlobal
