
Microsoft Visual Studio Solution File, Format Version 12.00
# Visual Studio Version 16
VisualStudioVersion = 16.0.35731.53
MinimumVisualStudioVersion = 10.0.40219.1
Project("{FAE04EC0-301F-11D3-BF4B-00C04F79EFBC}") = "arrayUnimendicional", "arrayUnimendicional.csproj", "{3052228D-FB33-4AA0-A323-C2364FD5EEBA}"
EndProject
Global
	GlobalSection(SolutionConfigurationPlatforms) = preSolution
		Debug|Any CPU = Debug|Any CPU
		Debug|x64 = Debug|x64
		Release|Any CPU = Release|Any CPU
		Release|x64 = Release|x64
	EndGlobalSection
	GlobalSection(ProjectConfigurationPlatforms) = postSolution
		{3052228D-FB33-4AA0-A323-C2364FD5EEBA}.Debug|Any CPU.ActiveCfg = Debug|Any CPU
		{3052228D-FB33-4AA0-A323-C2364FD5EEBA}.Debug|Any CPU.Build.0 = Debug|Any CPU
		{3052228D-FB33-4AA0-A323-C2364FD5EEBA}.Debug|x64.ActiveCfg = Debug|x64
		{3052228D-FB33-4AA0-A323-C2364FD5EEBA}.Debug|x64.Build.0 = Debug|x64
		{3052228D-FB33-4AA0-A323-C2364FD5EEBA}.Release|Any CPU.ActiveCfg = Release|Any CPU
		{3052228D-FB33-4AA0-A323-C2364FD5EEBA}.Release|Any CPU.Build.0 = Release|Any CPU
		{3052228D-FB33-4AA0-A323-C2364FD5EEBA}.Release|x64.ActiveCfg = Release|x64
		{3052228D-FB33-4AA0-A323-C2364FD5EEBA}.Release|x64.Build.0 = Release|x64
	EndGlobalSection
	GlobalSection(SolutionProperties) = preSolution
		HideSolutionNode = FALSE
	EndGlobalSection
	GlobalSection(ExtensibilityGlobals) = postSolution
		SolutionGuid = {4541DA12-A29A-4701-A63C-1F9FB536C510}
	EndGlobalSection
EndGlobal
